{
  "name": "Skill gap",
  "lockfileVersion": 3,
  "requires": true,
  "packages": {
    "": {
      "dependencies": {
        "agentation": "^3.0.2"
      },
      "devDependencies": {
        "prettier": "^3.2.5"
      }
    },
    "node_modules/agentation": {
      "version": "3.0.2",
      "resolved": "https://registry.npmjs.org/agentation/-/agentation-3.0.2.tgz",
      "integrity": "sha512-iGzBxFVTuZEIKzLY6AExSLAQH6i6SwxV4pAu7v7m3X6bInZ7qlZXAwrEqyc4+EfP4gM7z2RXBF6SF4DeH0f2lA==",
      "license": "PolyForm-Shield-1.0.0",
      "peerDependencies": {
        "react": ">=18.0.0",
        "react-dom": ">=18.0.0"
      },
      "peerDependenciesMeta": {
        "react": {
          "optional": true
        },
        "react-dom": {
          "optional": true
        }
      }
    },
    "node_modules/prettier": {
      "version": "3.8.4",
      "resolved": "https://registry.npmjs.org/prettier/-/prettier-3.8.4.tgz",
      "integrity": "sha512-N2MylSdi48+5N/6S5j+maeHbUSIzzZ5uOcX5Hm4QpV8Dkb1HFjfAKTKX6yNPJQD9AhcT3ifHNB66tWTTJDi11Q==",
      "dev": true,
      "license": "MIT",
      "bin": {
        "prettier": "bin/prettier.cjs"
      },
      "engines": {
        "node": ">=14"
      },
      "funding": {
        "url": "https://github.com/prettier/prettier?sponsor=1"
      }
    }
  }
}
